# PHPantom stubs lock file — pinned phpstorm-stubs version.
#
# This file is checked into version control and read by build.rs to
# ensure reproducible builds with integrity-verified stubs.
#
# To update, run:  scripts/update-stubs.sh

# The GitHub repository to fetch stubs from.
# Use "JetBrains/phpstorm-stubs" for upstream, or a fork like
# "AJenbo/phpstorm-stubs" for fixes not yet merged upstream.
repo = "JetBrains/phpstorm-stubs"

# The pinned commit SHA.
commit = "f6dd2dd35d99fb774251a83555fe07bf2109d57e"

# SHA-256 hash of the GitHub-generated tarball for the commit above.
sha256 = "c7811b69bba0bf6784fa7343e18614f2fd4fca4fe7482e741cea5297909e01a4"
